<?xml version="1.0" encoding="utf-8"?>
<Project ToolsVersion="17.0" xmlns="http://schemas.microsoft.com/developer/msbuild/2003">
  <ItemGroup>
    <CustomBuild Include="C:\Users\denizv\Downloads\AMGX-main\VisualStudioProject\CMakeFiles\c33c086b8f2275639520745ba023f041\INSTALL_force.rule">
      <Filter>CMake Rules</Filter>
    </CustomBuild>
  </ItemGroup>
  <ItemGroup>
    <Filter Include="CMake Rules">
      <UniqueIdentifier>{1E247034-72C3-3A83-8C34-3B6EAC2A69FD}</UniqueIdentifier>
    </Filter>
  </ItemGroup>
</Project>
