
Microsoft Visual Studio Solution File, Format Version 12.00
# Visual Studio Version 17
Project("{8BC9CEB8-8B4A-11D0-8D11-00A0C91BC942}") = "ALL_BUILD", "ALL_BUILD.vcxproj", "{C1F89F2C-9D5C-359F-99EA-CA4D4964BD36}"
	ProjectSection(ProjectDependencies) = postProject
		{8657DD7E-D931-3752-8B02-8378C01B8CE0} = {8657DD7E-D931-3752-8B02-8378C01B8CE0}
		{86D20987-9E71-3868-9B9A-4CF340300533} = {86D20987-9E71-3868-9B9A-4CF340300533}
		{109C73A3-2368-312A-8CC6-FEF9F4172EA0} = {109C73A3-2368-312A-8CC6-FEF9F4172EA0}
		{209C6775-6386-3CD4-BAC3-B28BB3845B12} = {209C6775-6386-3CD4-BAC3-B28BB3845B12}
		{5350E078-25EB-3EFF-9665-BC318125630F} = {5350E078-25EB-3EFF-9665-BC318125630F}
		{085D50B9-9293-3AC0-9BEF-BF33AEB97C73} = {085D50B9-9293-3AC0-9BEF-BF33AEB97C73}
		{8EEF0C5C-FD26-39AA-8F2B-6DB0C7E5CA13} = {8EEF0C5C-FD26-39AA-8F2B-6DB0C7E5CA13}
		{1C27529B-D5CD-3C37-8802-729AF2F823E1} = {1C27529B-D5CD-3C37-8802-729AF2F823E1}
		{5C2D0A77-D1C3-3A4D-9246-89522E2AB4FC} = {5C2D0A77-D1C3-3A4D-9246-89522E2AB4FC}
		{6B379EB9-6178-3112-8B89-EB15E0A3037D} = {6B379EB9-6178-3112-8B89-EB15E0A3037D}
		{2ED6C8B5-3F32-38F0-B71F-3761062BC692} = {2ED6C8B5-3F32-38F0-B71F-3761062BC692}
	EndProjectSection
EndProject
Project("{8BC9CEB8-8B4A-11D0-8D11-00A0C91BC942}") = "INSTALL", "INSTALL.vcxproj", "{8C919F80-F578-31D6-92A1-788A603595A5}"
	ProjectSection(ProjectDependencies) = postProject
		{C1F89F2C-9D5C-359F-99EA-CA4D4964BD36} = {C1F89F2C-9D5C-359F-99EA-CA4D4964BD36}
		{8657DD7E-D931-3752-8B02-8378C01B8CE0} = {8657DD7E-D931-3752-8B02-8378C01B8CE0}
	EndProjectSection
EndProject
Project("{8BC9CEB8-8B4A-11D0-8D11-00A0C91BC942}") = "ZERO_CHECK", "ZERO_CHECK.vcxproj", "{8657DD7E-D931-3752-8B02-8378C01B8CE0}"
	ProjectSection(ProjectDependencies) = postProject
	EndProjectSection
EndProject
Project("{8BC9CEB8-8B4A-11D0-8D11-00A0C91BC942}") = "amgx", "amgx.vcxproj", "{86D20987-9E71-3868-9B9A-4CF340300533}"
	ProjectSection(ProjectDependencies) = postProject
		{8657DD7E-D931-3752-8B02-8378C01B8CE0} = {8657DD7E-D931-3752-8B02-8378C01B8CE0}
		{209C6775-6386-3CD4-BAC3-B28BB3845B12} = {209C6775-6386-3CD4-BAC3-B28BB3845B12}
	EndProjectSection
EndProject
Project("{8BC9CEB8-8B4A-11D0-8D11-00A0C91BC942}") = "amgx_capi", "examples\amgx_capi.vcxproj", "{109C73A3-2368-312A-8CC6-FEF9F4172EA0}"
	ProjectSection(ProjectDependencies) = postProject
		{8657DD7E-D931-3752-8B02-8378C01B8CE0} = {8657DD7E-D931-3752-8B02-8378C01B8CE0}
		{209C6775-6386-3CD4-BAC3-B28BB3845B12} = {209C6775-6386-3CD4-BAC3-B28BB3845B12}
		{1C27529B-D5CD-3C37-8802-729AF2F823E1} = {1C27529B-D5CD-3C37-8802-729AF2F823E1}
	EndProjectSection
EndProject
Project("{8BC9CEB8-8B4A-11D0-8D11-00A0C91BC942}") = "amgx_libs", "amgx_libs.vcxproj", "{209C6775-6386-3CD4-BAC3-B28BB3845B12}"
	ProjectSection(ProjectDependencies) = postProject
		{8657DD7E-D931-3752-8B02-8378C01B8CE0} = {8657DD7E-D931-3752-8B02-8378C01B8CE0}
	EndProjectSection
EndProject
Project("{8BC9CEB8-8B4A-11D0-8D11-00A0C91BC942}") = "amgx_tests_launcher", "src\amgx_tests_launcher.vcxproj", "{5350E078-25EB-3EFF-9665-BC318125630F}"
	ProjectSection(ProjectDependencies) = postProject
		{8657DD7E-D931-3752-8B02-8378C01B8CE0} = {8657DD7E-D931-3752-8B02-8378C01B8CE0}
		{86D20987-9E71-3868-9B9A-4CF340300533} = {86D20987-9E71-3868-9B9A-4CF340300533}
		{209C6775-6386-3CD4-BAC3-B28BB3845B12} = {209C6775-6386-3CD4-BAC3-B28BB3845B12}
		{085D50B9-9293-3AC0-9BEF-BF33AEB97C73} = {085D50B9-9293-3AC0-9BEF-BF33AEB97C73}
		{8EEF0C5C-FD26-39AA-8F2B-6DB0C7E5CA13} = {8EEF0C5C-FD26-39AA-8F2B-6DB0C7E5CA13}
		{1C27529B-D5CD-3C37-8802-729AF2F823E1} = {1C27529B-D5CD-3C37-8802-729AF2F823E1}
	EndProjectSection
EndProject
Project("{8BC9CEB8-8B4A-11D0-8D11-00A0C91BC942}") = "amgx_tests_library", "src\amgx_tests_library.vcxproj", "{085D50B9-9293-3AC0-9BEF-BF33AEB97C73}"
	ProjectSection(ProjectDependencies) = postProject
		{8657DD7E-D931-3752-8B02-8378C01B8CE0} = {8657DD7E-D931-3752-8B02-8378C01B8CE0}
		{86D20987-9E71-3868-9B9A-4CF340300533} = {86D20987-9E71-3868-9B9A-4CF340300533}
		{209C6775-6386-3CD4-BAC3-B28BB3845B12} = {209C6775-6386-3CD4-BAC3-B28BB3845B12}
		{8EEF0C5C-FD26-39AA-8F2B-6DB0C7E5CA13} = {8EEF0C5C-FD26-39AA-8F2B-6DB0C7E5CA13}
	EndProjectSection
EndProject
Project("{8BC9CEB8-8B4A-11D0-8D11-00A0C91BC942}") = "amgx_tests_libs", "src\amgx_tests_libs.vcxproj", "{8EEF0C5C-FD26-39AA-8F2B-6DB0C7E5CA13}"
	ProjectSection(ProjectDependencies) = postProject
		{8657DD7E-D931-3752-8B02-8378C01B8CE0} = {8657DD7E-D931-3752-8B02-8378C01B8CE0}
	EndProjectSection
EndProject
Project("{8BC9CEB8-8B4A-11D0-8D11-00A0C91BC942}") = "amgxsh", "amgxsh.vcxproj", "{1C27529B-D5CD-3C37-8802-729AF2F823E1}"
	ProjectSection(ProjectDependencies) = postProject
		{8657DD7E-D931-3752-8B02-8378C01B8CE0} = {8657DD7E-D931-3752-8B02-8378C01B8CE0}
		{209C6775-6386-3CD4-BAC3-B28BB3845B12} = {209C6775-6386-3CD4-BAC3-B28BB3845B12}
	EndProjectSection
EndProject
Project("{8BC9CEB8-8B4A-11D0-8D11-00A0C91BC942}") = "copy_configs_core", "src\copy_configs_core.vcxproj", "{5C2D0A77-D1C3-3A4D-9246-89522E2AB4FC}"
	ProjectSection(ProjectDependencies) = postProject
		{8657DD7E-D931-3752-8B02-8378C01B8CE0} = {8657DD7E-D931-3752-8B02-8378C01B8CE0}
	EndProjectSection
EndProject
Project("{8BC9CEB8-8B4A-11D0-8D11-00A0C91BC942}") = "generate_poisson", "examples\generate_poisson.vcxproj", "{6B379EB9-6178-3112-8B89-EB15E0A3037D}"
	ProjectSection(ProjectDependencies) = postProject
		{8657DD7E-D931-3752-8B02-8378C01B8CE0} = {8657DD7E-D931-3752-8B02-8378C01B8CE0}
		{86D20987-9E71-3868-9B9A-4CF340300533} = {86D20987-9E71-3868-9B9A-4CF340300533}
		{209C6775-6386-3CD4-BAC3-B28BB3845B12} = {209C6775-6386-3CD4-BAC3-B28BB3845B12}
	EndProjectSection
EndProject
Project("{8BC9CEB8-8B4A-11D0-8D11-00A0C91BC942}") = "generate_poisson7_dist_renum", "examples\generate_poisson7_dist_renum.vcxproj", "{2ED6C8B5-3F32-38F0-B71F-3761062BC692}"
	ProjectSection(ProjectDependencies) = postProject
		{8657DD7E-D931-3752-8B02-8378C01B8CE0} = {8657DD7E-D931-3752-8B02-8378C01B8CE0}
		{86D20987-9E71-3868-9B9A-4CF340300533} = {86D20987-9E71-3868-9B9A-4CF340300533}
		{209C6775-6386-3CD4-BAC3-B28BB3845B12} = {209C6775-6386-3CD4-BAC3-B28BB3845B12}
	EndProjectSection
EndProject
Global
	GlobalSection(SolutionConfigurationPlatforms) = preSolution
		Debug|x64 = Debug|x64
		Release|x64 = Release|x64
		Profile|x64 = Profile|x64
		RelWithTraces|x64 = RelWithTraces|x64
	EndGlobalSection
	GlobalSection(ProjectConfigurationPlatforms) = postSolution
		{C1F89F2C-9D5C-359F-99EA-CA4D4964BD36}.Debug|x64.ActiveCfg = Debug|x64
		{C1F89F2C-9D5C-359F-99EA-CA4D4964BD36}.Debug|x64.Build.0 = Debug|x64
		{C1F89F2C-9D5C-359F-99EA-CA4D4964BD36}.Release|x64.ActiveCfg = Release|x64
		{C1F89F2C-9D5C-359F-99EA-CA4D4964BD36}.Release|x64.Build.0 = Release|x64
		{C1F89F2C-9D5C-359F-99EA-CA4D4964BD36}.Profile|x64.ActiveCfg = Profile|x64
		{C1F89F2C-9D5C-359F-99EA-CA4D4964BD36}.Profile|x64.Build.0 = Profile|x64
		{C1F89F2C-9D5C-359F-99EA-CA4D4964BD36}.RelWithTraces|x64.ActiveCfg = RelWithTraces|x64
		{C1F89F2C-9D5C-359F-99EA-CA4D4964BD36}.RelWithTraces|x64.Build.0 = RelWithTraces|x64
		{8C919F80-F578-31D6-92A1-788A603595A5}.Debug|x64.ActiveCfg = Debug|x64
		{8C919F80-F578-31D6-92A1-788A603595A5}.Release|x64.ActiveCfg = Release|x64
		{8C919F80-F578-31D6-92A1-788A603595A5}.Profile|x64.ActiveCfg = Profile|x64
		{8C919F80-F578-31D6-92A1-788A603595A5}.RelWithTraces|x64.ActiveCfg = RelWithTraces|x64
		{8657DD7E-D931-3752-8B02-8378C01B8CE0}.Debug|x64.ActiveCfg = Debug|x64
		{8657DD7E-D931-3752-8B02-8378C01B8CE0}.Debug|x64.Build.0 = Debug|x64
		{8657DD7E-D931-3752-8B02-8378C01B8CE0}.Release|x64.ActiveCfg = Release|x64
		{8657DD7E-D931-3752-8B02-8378C01B8CE0}.Release|x64.Build.0 = Release|x64
		{8657DD7E-D931-3752-8B02-8378C01B8CE0}.Profile|x64.ActiveCfg = Profile|x64
		{8657DD7E-D931-3752-8B02-8378C01B8CE0}.Profile|x64.Build.0 = Profile|x64
		{8657DD7E-D931-3752-8B02-8378C01B8CE0}.RelWithTraces|x64.ActiveCfg = RelWithTraces|x64
		{8657DD7E-D931-3752-8B02-8378C01B8CE0}.RelWithTraces|x64.Build.0 = RelWithTraces|x64
		{86D20987-9E71-3868-9B9A-4CF340300533}.Debug|x64.ActiveCfg = Debug|x64
		{86D20987-9E71-3868-9B9A-4CF340300533}.Debug|x64.Build.0 = Debug|x64
		{86D20987-9E71-3868-9B9A-4CF340300533}.Release|x64.ActiveCfg = Release|x64
		{86D20987-9E71-3868-9B9A-4CF340300533}.Release|x64.Build.0 = Release|x64
		{86D20987-9E71-3868-9B9A-4CF340300533}.Profile|x64.ActiveCfg = Profile|x64
		{86D20987-9E71-3868-9B9A-4CF340300533}.Profile|x64.Build.0 = Profile|x64
		{86D20987-9E71-3868-9B9A-4CF340300533}.RelWithTraces|x64.ActiveCfg = RelWithTraces|x64
		{86D20987-9E71-3868-9B9A-4CF340300533}.RelWithTraces|x64.Build.0 = RelWithTraces|x64
		{109C73A3-2368-312A-8CC6-FEF9F4172EA0}.Debug|x64.ActiveCfg = Debug|x64
		{109C73A3-2368-312A-8CC6-FEF9F4172EA0}.Debug|x64.Build.0 = Debug|x64
		{109C73A3-2368-312A-8CC6-FEF9F4172EA0}.Release|x64.ActiveCfg = Release|x64
		{109C73A3-2368-312A-8CC6-FEF9F4172EA0}.Release|x64.Build.0 = Release|x64
		{109C73A3-2368-312A-8CC6-FEF9F4172EA0}.Profile|x64.ActiveCfg = Profile|x64
		{109C73A3-2368-312A-8CC6-FEF9F4172EA0}.Profile|x64.Build.0 = Profile|x64
		{109C73A3-2368-312A-8CC6-FEF9F4172EA0}.RelWithTraces|x64.ActiveCfg = RelWithTraces|x64
		{109C73A3-2368-312A-8CC6-FEF9F4172EA0}.RelWithTraces|x64.Build.0 = RelWithTraces|x64
		{209C6775-6386-3CD4-BAC3-B28BB3845B12}.Debug|x64.ActiveCfg = Debug|x64
		{209C6775-6386-3CD4-BAC3-B28BB3845B12}.Debug|x64.Build.0 = Debug|x64
		{209C6775-6386-3CD4-BAC3-B28BB3845B12}.Release|x64.ActiveCfg = Release|x64
		{209C6775-6386-3CD4-BAC3-B28BB3845B12}.Release|x64.Build.0 = Release|x64
		{209C6775-6386-3CD4-BAC3-B28BB3845B12}.Profile|x64.ActiveCfg = Profile|x64
		{209C6775-6386-3CD4-BAC3-B28BB3845B12}.Profile|x64.Build.0 = Profile|x64
		{209C6775-6386-3CD4-BAC3-B28BB3845B12}.RelWithTraces|x64.ActiveCfg = RelWithTraces|x64
		{209C6775-6386-3CD4-BAC3-B28BB3845B12}.RelWithTraces|x64.Build.0 = RelWithTraces|x64
		{5350E078-25EB-3EFF-9665-BC318125630F}.Debug|x64.ActiveCfg = Debug|x64
		{5350E078-25EB-3EFF-9665-BC318125630F}.Debug|x64.Build.0 = Debug|x64
		{5350E078-25EB-3EFF-9665-BC318125630F}.Release|x64.ActiveCfg = Release|x64
		{5350E078-25EB-3EFF-9665-BC318125630F}.Release|x64.Build.0 = Release|x64
		{5350E078-25EB-3EFF-9665-BC318125630F}.Profile|x64.ActiveCfg = Profile|x64
		{5350E078-25EB-3EFF-9665-BC318125630F}.Profile|x64.Build.0 = Profile|x64
		{5350E078-25EB-3EFF-9665-BC318125630F}.RelWithTraces|x64.ActiveCfg = RelWithTraces|x64
		{5350E078-25EB-3EFF-9665-BC318125630F}.RelWithTraces|x64.Build.0 = RelWithTraces|x64
		{085D50B9-9293-3AC0-9BEF-BF33AEB97C73}.Debug|x64.ActiveCfg = Debug|x64
		{085D50B9-9293-3AC0-9BEF-BF33AEB97C73}.Debug|x64.Build.0 = Debug|x64
		{085D50B9-9293-3AC0-9BEF-BF33AEB97C73}.Release|x64.ActiveCfg = Release|x64
		{085D50B9-9293-3AC0-9BEF-BF33AEB97C73}.Release|x64.Build.0 = Release|x64
		{085D50B9-9293-3AC0-9BEF-BF33AEB97C73}.Profile|x64.ActiveCfg = Profile|x64
		{085D50B9-9293-3AC0-9BEF-BF33AEB97C73}.Profile|x64.Build.0 = Profile|x64
		{085D50B9-9293-3AC0-9BEF-BF33AEB97C73}.RelWithTraces|x64.ActiveCfg = RelWithTraces|x64
		{085D50B9-9293-3AC0-9BEF-BF33AEB97C73}.RelWithTraces|x64.Build.0 = RelWithTraces|x64
		{8EEF0C5C-FD26-39AA-8F2B-6DB0C7E5CA13}.Debug|x64.ActiveCfg = Debug|x64
		{8EEF0C5C-FD26-39AA-8F2B-6DB0C7E5CA13}.Debug|x64.Build.0 = Debug|x64
		{8EEF0C5C-FD26-39AA-8F2B-6DB0C7E5CA13}.Release|x64.ActiveCfg = Release|x64
		{8EEF0C5C-FD26-39AA-8F2B-6DB0C7E5CA13}.Release|x64.Build.0 = Release|x64
		{8EEF0C5C-FD26-39AA-8F2B-6DB0C7E5CA13}.Profile|x64.ActiveCfg = Profile|x64
		{8EEF0C5C-FD26-39AA-8F2B-6DB0C7E5CA13}.Profile|x64.Build.0 = Profile|x64
		{8EEF0C5C-FD26-39AA-8F2B-6DB0C7E5CA13}.RelWithTraces|x64.ActiveCfg = RelWithTraces|x64
		{8EEF0C5C-FD26-39AA-8F2B-6DB0C7E5CA13}.RelWithTraces|x64.Build.0 = RelWithTraces|x64
		{1C27529B-D5CD-3C37-8802-729AF2F823E1}.Debug|x64.ActiveCfg = Debug|x64
		{1C27529B-D5CD-3C37-8802-729AF2F823E1}.Debug|x64.Build.0 = Debug|x64
		{1C27529B-D5CD-3C37-8802-729AF2F823E1}.Release|x64.ActiveCfg = Release|x64
		{1C27529B-D5CD-3C37-8802-729AF2F823E1}.Release|x64.Build.0 = Release|x64
		{1C27529B-D5CD-3C37-8802-729AF2F823E1}.Profile|x64.ActiveCfg = Profile|x64
		{1C27529B-D5CD-3C37-8802-729AF2F823E1}.Profile|x64.Build.0 = Profile|x64
		{1C27529B-D5CD-3C37-8802-729AF2F823E1}.RelWithTraces|x64.ActiveCfg = RelWithTraces|x64
		{1C27529B-D5CD-3C37-8802-729AF2F823E1}.RelWithTraces|x64.Build.0 = RelWithTraces|x64
		{5C2D0A77-D1C3-3A4D-9246-89522E2AB4FC}.Debug|x64.ActiveCfg = Debug|x64
		{5C2D0A77-D1C3-3A4D-9246-89522E2AB4FC}.Debug|x64.Build.0 = Debug|x64
		{5C2D0A77-D1C3-3A4D-9246-89522E2AB4FC}.Release|x64.ActiveCfg = Release|x64
		{5C2D0A77-D1C3-3A4D-9246-89522E2AB4FC}.Release|x64.Build.0 = Release|x64
		{5C2D0A77-D1C3-3A4D-9246-89522E2AB4FC}.Profile|x64.ActiveCfg = Profile|x64
		{5C2D0A77-D1C3-3A4D-9246-89522E2AB4FC}.Profile|x64.Build.0 = Profile|x64
		{5C2D0A77-D1C3-3A4D-9246-89522E2AB4FC}.RelWithTraces|x64.ActiveCfg = RelWithTraces|x64
		{5C2D0A77-D1C3-3A4D-9246-89522E2AB4FC}.RelWithTraces|x64.Build.0 = RelWithTraces|x64
		{6B379EB9-6178-3112-8B89-EB15E0A3037D}.Debug|x64.ActiveCfg = Debug|x64
		{6B379EB9-6178-3112-8B89-EB15E0A3037D}.Debug|x64.Build.0 = Debug|x64
		{6B379EB9-6178-3112-8B89-EB15E0A3037D}.Release|x64.ActiveCfg = Release|x64
		{6B379EB9-6178-3112-8B89-EB15E0A3037D}.Release|x64.Build.0 = Release|x64
		{6B379EB9-6178-3112-8B89-EB15E0A3037D}.Profile|x64.ActiveCfg = Profile|x64
		{6B379EB9-6178-3112-8B89-EB15E0A3037D}.Profile|x64.Build.0 = Profile|x64
		{6B379EB9-6178-3112-8B89-EB15E0A3037D}.RelWithTraces|x64.ActiveCfg = RelWithTraces|x64
		{6B379EB9-6178-3112-8B89-EB15E0A3037D}.RelWithTraces|x64.Build.0 = RelWithTraces|x64
		{2ED6C8B5-3F32-38F0-B71F-3761062BC692}.Debug|x64.ActiveCfg = Debug|x64
		{2ED6C8B5-3F32-38F0-B71F-3761062BC692}.Debug|x64.Build.0 = Debug|x64
		{2ED6C8B5-3F32-38F0-B71F-3761062BC692}.Release|x64.ActiveCfg = Release|x64
		{2ED6C8B5-3F32-38F0-B71F-3761062BC692}.Release|x64.Build.0 = Release|x64
		{2ED6C8B5-3F32-38F0-B71F-3761062BC692}.Profile|x64.ActiveCfg = Profile|x64
		{2ED6C8B5-3F32-38F0-B71F-3761062BC692}.Profile|x64.Build.0 = Profile|x64
		{2ED6C8B5-3F32-38F0-B71F-3761062BC692}.RelWithTraces|x64.ActiveCfg = RelWithTraces|x64
		{2ED6C8B5-3F32-38F0-B71F-3761062BC692}.RelWithTraces|x64.Build.0 = RelWithTraces|x64
	EndGlobalSection
	GlobalSection(ExtensibilityGlobals) = postSolution
		SolutionGuid = {23FDDCB6-0D20-33BC-9E73-E5A40197E1EA}
	EndGlobalSection
	GlobalSection(ExtensibilityAddIns) = postSolution
	EndGlobalSection
EndGlobal
