<?xml version="1.0" encoding="utf-8"?>
<Project ToolsVersion="17.0" xmlns="http://schemas.microsoft.com/developer/msbuild/2003">
  <ItemGroup>
    <CudaCompile Include="..\src\aggregation\aggregation_amg_level.cu">
      <Filter>Source Files</Filter>
    </CudaCompile>
    <CudaCompile Include="..\src\aggregation\coarseAgenerators\coarse_A_generator.cu">
      <Filter>Source Files</Filter>
    </CudaCompile>
    <CudaCompile Include="..\src\aggregation\coarseAgenerators\hybrid_coarse_A_generator.cu">
      <Filter>Source Files</Filter>
    </CudaCompile>
    <CudaCompile Include="..\src\aggregation\coarseAgenerators\low_deg_coarse_A_generator.cu">
      <Filter>Source Files</Filter>
    </CudaCompile>
    <CudaCompile Include="..\src\aggregation\coarseAgenerators\thrust_coarse_A_generator.cu">
      <Filter>Source Files</Filter>
    </CudaCompile>
    <CudaCompile Include="..\src\aggregation\selectors\adaptive.cu">
      <Filter>Source Files</Filter>
    </CudaCompile>
    <CudaCompile Include="..\src\aggregation\selectors\agg_selector.cu">
      <Filter>Source Files</Filter>
    </CudaCompile>
    <CudaCompile Include="..\src\aggregation\selectors\dummy.cu">
      <Filter>Source Files</Filter>
    </CudaCompile>
    <CudaCompile Include="..\src\aggregation\selectors\geo_selector.cu">
      <Filter>Source Files</Filter>
    </CudaCompile>
    <CudaCompile Include="..\src\aggregation\selectors\multi_pairwise.cu">
      <Filter>Source Files</Filter>
    </CudaCompile>
    <CudaCompile Include="..\src\aggregation\selectors\parallel_greedy_selector.cu">
      <Filter>Source Files</Filter>
    </CudaCompile>
    <CudaCompile Include="..\src\aggregation\selectors\selector_kernels.cu">
      <Filter>Source Files</Filter>
    </CudaCompile>
    <CudaCompile Include="..\src\aggregation\selectors\serial_greedy.cu">
      <Filter>Source Files</Filter>
    </CudaCompile>
    <CudaCompile Include="..\src\aggregation\selectors\size2_selector.cu">
      <Filter>Source Files</Filter>
    </CudaCompile>
    <CudaCompile Include="..\src\aggregation\selectors\size4_selector.cu">
      <Filter>Source Files</Filter>
    </CudaCompile>
    <CudaCompile Include="..\src\aggregation\selectors\size8_selector.cu">
      <Filter>Source Files</Filter>
    </CudaCompile>
    <CudaCompile Include="..\src\amg.cu">
      <Filter>Source Files</Filter>
    </CudaCompile>
    <CudaCompile Include="..\src\amg_config.cu">
      <Filter>Source Files</Filter>
    </CudaCompile>
    <CudaCompile Include="..\src\amg_eigensolver.cu">
      <Filter>Source Files</Filter>
    </CudaCompile>
    <CudaCompile Include="..\src\amg_level.cu">
      <Filter>Source Files</Filter>
    </CudaCompile>
    <CudaCompile Include="..\src\amg_signal.cu">
      <Filter>Source Files</Filter>
    </CudaCompile>
    <CudaCompile Include="..\src\amg_solver.cu">
      <Filter>Source Files</Filter>
    </CudaCompile>
    <CudaCompile Include="..\src\amgx_c.cu">
      <Filter>Source Files</Filter>
    </CudaCompile>
    <CudaCompile Include="..\src\amgx_c_common.cu">
      <Filter>Source Files</Filter>
    </CudaCompile>
    <CudaCompile Include="..\src\amgx_cublas.cu">
      <Filter>Source Files</Filter>
    </CudaCompile>
    <CudaCompile Include="..\src\amgx_cusolverDn.cu">
      <Filter>Source Files</Filter>
    </CudaCompile>
    <CudaCompile Include="..\src\amgx_cusparse.cu">
      <Filter>Source Files</Filter>
    </CudaCompile>
    <CudaCompile Include="..\src\amgx_eig_c.cu">
      <Filter>Source Files</Filter>
    </CudaCompile>
    <CudaCompile Include="..\src\amgx_lapack.cu">
      <Filter>Source Files</Filter>
    </CudaCompile>
    <CudaCompile Include="..\src\amgx_timer.cu">
      <Filter>Source Files</Filter>
    </CudaCompile>
    <CudaCompile Include="..\src\amgx_types\io.cu">
      <Filter>Source Files</Filter>
    </CudaCompile>
    <CudaCompile Include="..\src\api_version.cu">
      <Filter>Source Files</Filter>
    </CudaCompile>
    <CudaCompile Include="..\src\auxdata.cu">
      <Filter>Source Files</Filter>
    </CudaCompile>
    <CudaCompile Include="..\src\blas.cu">
      <Filter>Source Files</Filter>
    </CudaCompile>
    <CudaCompile Include="..\src\classical\classical_amg_level.cu">
      <Filter>Source Files</Filter>
    </CudaCompile>
    <CudaCompile Include="..\src\classical\interpolators\common.cu">
      <Filter>Source Files</Filter>
    </CudaCompile>
    <CudaCompile Include="..\src\classical\interpolators\distance1.cu">
      <Filter>Source Files</Filter>
    </CudaCompile>
    <CudaCompile Include="..\src\classical\interpolators\distance2.cu">
      <Filter>Source Files</Filter>
    </CudaCompile>
    <CudaCompile Include="..\src\classical\interpolators\interpolator.cu">
      <Filter>Source Files</Filter>
    </CudaCompile>
    <CudaCompile Include="..\src\classical\interpolators\multipass.cu">
      <Filter>Source Files</Filter>
    </CudaCompile>
    <CudaCompile Include="..\src\classical\selectors\aggressive_hmis.cu">
      <Filter>Source Files</Filter>
    </CudaCompile>
    <CudaCompile Include="..\src\classical\selectors\aggressive_pmis.cu">
      <Filter>Source Files</Filter>
    </CudaCompile>
    <CudaCompile Include="..\src\classical\selectors\cr.cu">
      <Filter>Source Files</Filter>
    </CudaCompile>
    <CudaCompile Include="..\src\classical\selectors\dummy_selector.cu">
      <Filter>Source Files</Filter>
    </CudaCompile>
    <CudaCompile Include="..\src\classical\selectors\hmis.cu">
      <Filter>Source Files</Filter>
    </CudaCompile>
    <CudaCompile Include="..\src\classical\selectors\pmis.cu">
      <Filter>Source Files</Filter>
    </CudaCompile>
    <CudaCompile Include="..\src\classical\selectors\rs.cu">
      <Filter>Source Files</Filter>
    </CudaCompile>
    <CudaCompile Include="..\src\classical\selectors\selector.cu">
      <Filter>Source Files</Filter>
    </CudaCompile>
    <CudaCompile Include="..\src\classical\strength\affinity.cu">
      <Filter>Source Files</Filter>
    </CudaCompile>
    <CudaCompile Include="..\src\classical\strength\strength.cu">
      <Filter>Source Files</Filter>
    </CudaCompile>
    <CudaCompile Include="..\src\classical\strength\strength_base.cu">
      <Filter>Source Files</Filter>
    </CudaCompile>
    <CudaCompile Include="..\src\convergence\absolute.cu">
      <Filter>Source Files</Filter>
    </CudaCompile>
    <CudaCompile Include="..\src\convergence\combined_rel_ini_abs.cu">
      <Filter>Source Files</Filter>
    </CudaCompile>
    <CudaCompile Include="..\src\convergence\convergence.cu">
      <Filter>Source Files</Filter>
    </CudaCompile>
    <CudaCompile Include="..\src\convergence\relative_ini.cu">
      <Filter>Source Files</Filter>
    </CudaCompile>
    <CudaCompile Include="..\src\convergence\relative_max.cu">
      <Filter>Source Files</Filter>
    </CudaCompile>
    <CudaCompile Include="..\src\core.cu">
      <Filter>Source Files</Filter>
    </CudaCompile>
    <CudaCompile Include="..\src\csr_multiply.cu">
      <Filter>Source Files</Filter>
    </CudaCompile>
    <CudaCompile Include="..\src\csr_multiply_detail.cu">
      <Filter>Source Files</Filter>
    </CudaCompile>
    <CudaCompile Include="..\src\cycles\cg_cycle.cu">
      <Filter>Source Files</Filter>
    </CudaCompile>
    <CudaCompile Include="..\src\cycles\cg_flex_cycle.cu">
      <Filter>Source Files</Filter>
    </CudaCompile>
    <CudaCompile Include="..\src\cycles\convergence_analysis.cu">
      <Filter>Source Files</Filter>
    </CudaCompile>
    <CudaCompile Include="..\src\cycles\cycle.cu">
      <Filter>Source Files</Filter>
    </CudaCompile>
    <CudaCompile Include="..\src\cycles\f_cycle.cu">
      <Filter>Source Files</Filter>
    </CudaCompile>
    <CudaCompile Include="..\src\cycles\fixed_cycle.cu">
      <Filter>Source Files</Filter>
    </CudaCompile>
    <CudaCompile Include="..\src\cycles\v_cycle.cu">
      <Filter>Source Files</Filter>
    </CudaCompile>
    <CudaCompile Include="..\src\cycles\w_cycle.cu">
      <Filter>Source Files</Filter>
    </CudaCompile>
    <CudaCompile Include="..\src\determinism_checker.cu">
      <Filter>Source Files</Filter>
    </CudaCompile>
    <CudaCompile Include="..\src\device_properties.cu">
      <Filter>Source Files</Filter>
    </CudaCompile>
    <CudaCompile Include="..\src\distributed\comms_mpi_gpudirect.cu">
      <Filter>Source Files</Filter>
    </CudaCompile>
    <CudaCompile Include="..\src\distributed\comms_mpi_hostbuffer_stream.cu">
      <Filter>Source Files</Filter>
    </CudaCompile>
    <CudaCompile Include="..\src\distributed\comms_visitors1.cu">
      <Filter>Source Files</Filter>
    </CudaCompile>
    <CudaCompile Include="..\src\distributed\comms_visitors2.cu">
      <Filter>Source Files</Filter>
    </CudaCompile>
    <CudaCompile Include="..\src\distributed\comms_visitors3.cu">
      <Filter>Source Files</Filter>
    </CudaCompile>
    <CudaCompile Include="..\src\distributed\comms_visitors4.cu">
      <Filter>Source Files</Filter>
    </CudaCompile>
    <CudaCompile Include="..\src\distributed\distributed_arranger.cu">
      <Filter>Source Files</Filter>
    </CudaCompile>
    <CudaCompile Include="..\src\distributed\distributed_comms.cu">
      <Filter>Source Files</Filter>
    </CudaCompile>
    <CudaCompile Include="..\src\distributed\distributed_io.cu">
      <Filter>Source Files</Filter>
    </CudaCompile>
    <CudaCompile Include="..\src\distributed\distributed_manager.cu">
      <Filter>Source Files</Filter>
    </CudaCompile>
    <CudaCompile Include="..\src\eigensolvers.cu">
      <Filter>Source Files</Filter>
    </CudaCompile>
    <CudaCompile Include="..\src\eigensolvers\arnoldi_eigensolver.cu">
      <Filter>Source Files</Filter>
    </CudaCompile>
    <CudaCompile Include="..\src\eigensolvers\eigensolver.cu">
      <Filter>Source Files</Filter>
    </CudaCompile>
    <CudaCompile Include="..\src\eigensolvers\eigenvector_solver.cu">
      <Filter>Source Files</Filter>
    </CudaCompile>
    <CudaCompile Include="..\src\eigensolvers\jacobi_davidson_eigensolver.cu">
      <Filter>Source Files</Filter>
    </CudaCompile>
    <CudaCompile Include="..\src\eigensolvers\lanczos_eigensolver.cu">
      <Filter>Source Files</Filter>
    </CudaCompile>
    <CudaCompile Include="..\src\eigensolvers\lobpcg_eigensolver.cu">
      <Filter>Source Files</Filter>
    </CudaCompile>
    <CudaCompile Include="..\src\eigensolvers\multivector_operations.cu">
      <Filter>Source Files</Filter>
    </CudaCompile>
    <CudaCompile Include="..\src\eigensolvers\qr.cu">
      <Filter>Source Files</Filter>
    </CudaCompile>
    <CudaCompile Include="..\src\eigensolvers\single_iteration_eigensolver.cu">
      <Filter>Source Files</Filter>
    </CudaCompile>
    <CudaCompile Include="..\src\eigensolvers\subspace_iteration_eigensolver.cu">
      <Filter>Source Files</Filter>
    </CudaCompile>
    <CudaCompile Include="..\src\energymin\energymin_amg_level.cu">
      <Filter>Source Files</Filter>
    </CudaCompile>
    <CudaCompile Include="..\src\energymin\interpolators\em.cu">
      <Filter>Source Files</Filter>
    </CudaCompile>
    <CudaCompile Include="..\src\energymin\interpolators\em_interpolator.cu">
      <Filter>Source Files</Filter>
    </CudaCompile>
    <CudaCompile Include="..\src\energymin\selectors\em_selector.cu">
      <Filter>Source Files</Filter>
    </CudaCompile>
    <CudaCompile Include="..\src\error.cu">
      <Filter>Source Files</Filter>
    </CudaCompile>
    <CudaCompile Include="..\src\gaussian_elimination.cu">
      <Filter>Source Files</Filter>
    </CudaCompile>
    <CudaCompile Include="..\src\global_thread_handle.cu">
      <Filter>Source Files</Filter>
    </CudaCompile>
    <CudaCompile Include="..\src\hash_workspace.cu">
      <Filter>Source Files</Filter>
    </CudaCompile>
    <CudaCompile Include="..\src\matrix.cu">
      <Filter>Source Files</Filter>
    </CudaCompile>
    <CudaCompile Include="..\src\matrix_analysis.cu">
      <Filter>Source Files</Filter>
    </CudaCompile>
    <CudaCompile Include="..\src\matrix_coloring\coloring_utils.cu">
      <Filter>Source Files</Filter>
    </CudaCompile>
    <CudaCompile Include="..\src\matrix_coloring\greedy_min_max_2ring.cu">
      <Filter>Source Files</Filter>
    </CudaCompile>
    <CudaCompile Include="..\src\matrix_coloring\greedy_recolor.cu">
      <Filter>Source Files</Filter>
    </CudaCompile>
    <CudaCompile Include="..\src\matrix_coloring\locally_downwind.cu">
      <Filter>Source Files</Filter>
    </CudaCompile>
    <CudaCompile Include="..\src\matrix_coloring\matrix_coloring.cu">
      <Filter>Source Files</Filter>
    </CudaCompile>
    <CudaCompile Include="..\src\matrix_coloring\min_max.cu">
      <Filter>Source Files</Filter>
    </CudaCompile>
    <CudaCompile Include="..\src\matrix_coloring\min_max_2ring.cu">
      <Filter>Source Files</Filter>
    </CudaCompile>
    <CudaCompile Include="..\src\matrix_coloring\multi_hash.cu">
      <Filter>Source Files</Filter>
    </CudaCompile>
    <CudaCompile Include="..\src\matrix_coloring\parallel_greedy.cu">
      <Filter>Source Files</Filter>
    </CudaCompile>
    <CudaCompile Include="..\src\matrix_coloring\round_robin.cu">
      <Filter>Source Files</Filter>
    </CudaCompile>
    <CudaCompile Include="..\src\matrix_coloring\serial_greedy_bfs.cu">
      <Filter>Source Files</Filter>
    </CudaCompile>
    <CudaCompile Include="..\src\matrix_coloring\uniform.cu">
      <Filter>Source Files</Filter>
    </CudaCompile>
    <CudaCompile Include="..\src\matrix_io.cu">
      <Filter>Source Files</Filter>
    </CudaCompile>
    <CudaCompile Include="..\src\memory_info.cu">
      <Filter>Source Files</Filter>
    </CudaCompile>
    <CudaCompile Include="..\src\misc.cu">
      <Filter>Source Files</Filter>
    </CudaCompile>
    <CudaCompile Include="..\src\multiply.cu">
      <Filter>Source Files</Filter>
    </CudaCompile>
    <CudaCompile Include="..\src\norm.cu">
      <Filter>Source Files</Filter>
    </CudaCompile>
    <CudaCompile Include="..\src\operators\deflated_multiply_operator.cu">
      <Filter>Source Files</Filter>
    </CudaCompile>
    <CudaCompile Include="..\src\operators\pagerank_operator.cu">
      <Filter>Source Files</Filter>
    </CudaCompile>
    <CudaCompile Include="..\src\operators\shifted_operator.cu">
      <Filter>Source Files</Filter>
    </CudaCompile>
    <CudaCompile Include="..\src\operators\solve_operator.cu">
      <Filter>Source Files</Filter>
    </CudaCompile>
    <CudaCompile Include="..\src\operators\solver_operator.cu">
      <Filter>Source Files</Filter>
    </CudaCompile>
    <CudaCompile Include="..\src\profile.cu">
      <Filter>Source Files</Filter>
    </CudaCompile>
    <CudaCompile Include="..\src\readers.cu">
      <Filter>Source Files</Filter>
    </CudaCompile>
    <CudaCompile Include="..\src\resources.cu">
      <Filter>Source Files</Filter>
    </CudaCompile>
    <CudaCompile Include="..\src\scalers\binormalization.cu">
      <Filter>Source Files</Filter>
    </CudaCompile>
    <CudaCompile Include="..\src\scalers\diagonal_symmetric.cu">
      <Filter>Source Files</Filter>
    </CudaCompile>
    <CudaCompile Include="..\src\scalers\nbinormalization.cu">
      <Filter>Source Files</Filter>
    </CudaCompile>
    <CudaCompile Include="..\src\scalers\scaler.cu">
      <Filter>Source Files</Filter>
    </CudaCompile>
    <CudaCompile Include="..\src\solvers\algebraic_multigrid_solver.cu">
      <Filter>Source Files</Filter>
    </CudaCompile>
    <CudaCompile Include="..\src\solvers\bicgstab_solver.cu">
      <Filter>Source Files</Filter>
    </CudaCompile>
    <CudaCompile Include="..\src\solvers\block_jacobi_solver.cu">
      <Filter>Source Files</Filter>
    </CudaCompile>
    <CudaCompile Include="..\src\solvers\cf_jacobi_solver.cu">
      <Filter>Source Files</Filter>
    </CudaCompile>
    <CudaCompile Include="..\src\solvers\cg_solver.cu">
      <Filter>Source Files</Filter>
    </CudaCompile>
    <CudaCompile Include="..\src\solvers\cheb_solver.cu">
      <Filter>Source Files</Filter>
    </CudaCompile>
    <CudaCompile Include="..\src\solvers\chebyshev_poly.cu">
      <Filter>Source Files</Filter>
    </CudaCompile>
    <CudaCompile Include="..\src\solvers\dense_lu_solver.cu">
      <Filter>Source Files</Filter>
    </CudaCompile>
    <CudaCompile Include="..\src\solvers\dummy_solver.cu">
      <Filter>Source Files</Filter>
    </CudaCompile>
    <CudaCompile Include="..\src\solvers\fgmres_solver.cu">
      <Filter>Source Files</Filter>
    </CudaCompile>
    <CudaCompile Include="..\src\solvers\fixcolor_gauss_seidel_solver.cu">
      <Filter>Source Files</Filter>
    </CudaCompile>
    <CudaCompile Include="..\src\solvers\gauss_seidel_solver.cu">
      <Filter>Source Files</Filter>
    </CudaCompile>
    <CudaCompile Include="..\src\solvers\gmres_solver.cu">
      <Filter>Source Files</Filter>
    </CudaCompile>
    <CudaCompile Include="..\src\solvers\idr_solver.cu">
      <Filter>Source Files</Filter>
    </CudaCompile>
    <CudaCompile Include="..\src\solvers\idrmsync_solver.cu">
      <Filter>Source Files</Filter>
    </CudaCompile>
    <CudaCompile Include="..\src\solvers\jacobi_l1_solver.cu">
      <Filter>Source Files</Filter>
    </CudaCompile>
    <CudaCompile Include="..\src\solvers\kaczmarz_solver.cu">
      <Filter>Source Files</Filter>
    </CudaCompile>
    <CudaCompile Include="..\src\solvers\kpz_polynomial_solver.cu">
      <Filter>Source Files</Filter>
    </CudaCompile>
    <CudaCompile Include="..\src\solvers\multicolor_dilu_solver.cu">
      <Filter>Source Files</Filter>
    </CudaCompile>
    <CudaCompile Include="..\src\solvers\multicolor_gauss_seidel_solver.cu">
      <Filter>Source Files</Filter>
    </CudaCompile>
    <CudaCompile Include="..\src\solvers\multicolor_ilu_solver.cu">
      <Filter>Source Files</Filter>
    </CudaCompile>
    <CudaCompile Include="..\src\solvers\pbicgstab_solver.cu">
      <Filter>Source Files</Filter>
    </CudaCompile>
    <CudaCompile Include="..\src\solvers\pcg_solver.cu">
      <Filter>Source Files</Filter>
    </CudaCompile>
    <CudaCompile Include="..\src\solvers\pcgf_solver.cu">
      <Filter>Source Files</Filter>
    </CudaCompile>
    <CudaCompile Include="..\src\solvers\polynomial_solver.cu">
      <Filter>Source Files</Filter>
    </CudaCompile>
    <CudaCompile Include="..\src\solvers\solver.cu">
      <Filter>Source Files</Filter>
    </CudaCompile>
    <CudaCompile Include="..\src\solvers\user_solver.cu">
      <Filter>Source Files</Filter>
    </CudaCompile>
    <CudaCompile Include="..\src\sort.cu">
      <Filter>Source Files</Filter>
    </CudaCompile>
    <CudaCompile Include="..\src\test_utils.cu">
      <Filter>Source Files</Filter>
    </CudaCompile>
    <CudaCompile Include="..\src\testframework.cu">
      <Filter>Source Files</Filter>
    </CudaCompile>
    <CudaCompile Include="..\src\thread_manager.cu">
      <Filter>Source Files</Filter>
    </CudaCompile>
    <CudaCompile Include="..\src\transpose.cu">
      <Filter>Source Files</Filter>
    </CudaCompile>
    <CudaCompile Include="..\src\truncate.cu">
      <Filter>Source Files</Filter>
    </CudaCompile>
    <CudaCompile Include="..\src\unit_test.cu">
      <Filter>Source Files</Filter>
    </CudaCompile>
    <CudaCompile Include="..\src\version.cu">
      <Filter>Source Files</Filter>
    </CudaCompile>
  </ItemGroup>
  <ItemGroup>
    <CustomBuild Include="C:\Users\denizv\Downloads\AMGX-main\CMakeLists.txt" />
  </ItemGroup>
  <ItemGroup>
    <Filter Include="Source Files">
      <UniqueIdentifier>{02BBF8E3-C358-3E5C-ACB7-5A774DD67D2D}</UniqueIdentifier>
    </Filter>
  </ItemGroup>
</Project>
